
Microsoft Visual Studio Solution File, Format Version 12.00
# Visual Studio Version 17
VisualStudioVersion = 17.8.34408.163
MinimumVisualStudioVersion = 10.0.40219.1
Project("{FAE04EC0-301F-11D3-BF4B-00C04F79EFBC}") = "PictureBoxKontrola", "PictureBoxKontrola\PictureBoxKontrola.csproj", "{EECF471D-D716-4DB5-8CD3-85C05A1903D8}"
EndProject
Global
	GlobalSection(SolutionConfigurationPlatforms) = preSolution
		Debug|Any CPU = Debug|Any CPU
		Release|Any CPU = Release|Any CPU
	EndGlobalSection
	GlobalSection(ProjectConfigurationPlatforms) = postSolution
		{EECF471D-D716-4DB5-8CD3-85C05A1903D8}.Debug|Any CPU.ActiveCfg = Debug|Any CPU
		{EECF471D-D716-4DB5-8CD3-85C05A1903D8}.Debug|Any CPU.Build.0 = Debug|Any CPU
		{EECF471D-D716-4DB5-8CD3-85C05A1903D8}.Release|Any CPU.ActiveCfg = Release|Any CPU
		{EECF471D-D716-4DB5-8CD3-85C05A1903D8}.Release|Any CPU.Build.0 = Release|Any CPU
	EndGlobalSection
	GlobalSection(SolutionProperties) = preSolution
		HideSolutionNode = FALSE
	EndGlobalSection
	GlobalSection(ExtensibilityGlobals) = postSolution
		SolutionGuid = {04F25F56-879D-41F8-96B2-60D25F0E0036}
	EndGlobalSection
EndGlobal
